{
  "name": "gifts-for-darlings",
  "lockfileVersion": 2,
  "requires": true,
  "packages": {
    "": {
      "devDependencies": {
        "transformation-matrix": "^2.14.0"
      }
    },
    "node_modules/transformation-matrix": {
      "version": "2.14.0",
      "resolved": "https://registry.npmjs.org/transformation-matrix/-/transformation-matrix-2.14.0.tgz",
      "integrity": "sha512-iG8EAVSSIXHrIMO5B9gzUGZlIOfIjRpsuNaeqpInuGWVlM52vFDdOYUbjyFE4LsUCw5GoD51/Lvpo00Whs6ecQ==",
      "dev": true,
      "funding": {
        "url": "https://github.com/sponsors/chrvadala"
      }
    }
  },
  "dependencies": {
    "transformation-matrix": {
      "version": "2.14.0",
      "resolved": "https://registry.npmjs.org/transformation-matrix/-/transformation-matrix-2.14.0.tgz",
      "integrity": "sha512-iG8EAVSSIXHrIMO5B9gzUGZlIOfIjRpsuNaeqpInuGWVlM52vFDdOYUbjyFE4LsUCw5GoD51/Lvpo00Whs6ecQ==",
      "dev": true
    }
  }
}
